<Solution>
  <Folder Name="/Week_1/">
    <Project Path="Week_1/Day_1_Task_1.2/Day_1_Task_1.2.csproj" />
    <Project Path="Week_1/Day_2_Task_1.5/Day_2_Task_1.5.csproj" />
    <Project Path="Week_1/Day_2_Task_1.6/Day_2_Task_1.6.csproj" />
    <Project Path="Week_1/Day_2_Task_1.7/Day_2_Task_1.7.csproj" />
    <Project Path="Week_1/Day_2_Task_1.8/Day_2_Task_1.8.csproj" />
    <Project Path="Week_1/Day_3_Task_1.10/Day_3_Task_1.10.csproj" />
    <Project Path="Week_1/Day_3_Task_1.11/Day_3_Task_1.11.csproj" />
    <Project Path="Week_1/Day_3_Task_1.12/Day_3_Task_1.12.csproj" />
    <Project Path="Week_1/Day_3_Task_1.9/Day_3_Task_1.9.csproj" />
    <Project Path="Week_1/Day_4_Task_1.13/Day_4_Task_1.13.csproj" />
    <Project Path="Week_1/Day_4_Task_1.14/Day_4_Task_1.14.csproj" />
    <Project Path="Week_1/Day_4_Task_1.15/Day_4_Task_1.15.csproj" />
    <Project Path="Week_1/Day_4_Task_1.16/Day_4_Task_1.16.csproj" />
    <Project Path="Week_1/Day_5_Mini_Q1.Tests/Day_5_Mini_Q1.Tests.csproj" />
    <Project Path="Week_1/Day_5_Mini_Q1/Day_5_Mini_Q1.csproj" />
    <Project Path="Week_1/Day_5_Mini_Q2.Tests/Day_5_Mini_Q2.Tests.csproj" />
    <Project Path="Week_1/Day_5_Mini_Q2/Day_5_Mini_Q2.csproj" />
    <Project Path="Week_1/Day_5_Mini_Q3.Tests/Day_5_Mini_Q3.Tests.csproj" />
    <Project Path="Week_1/Day_5_Mini_Q3/Day_5_Mini_Q3.csproj" />
    <Project Path="Week_1/Day_5_Task_1.17/Day_5_Task_1.17.csproj" />
  </Folder>
  <Folder Name="/Week_2/">
    <Project Path="Week_2/Day_1_Task_2.1/Day_1_Task_2.1.csproj" />
    <Project Path="Week_2/Day_1_Task_2.2/Day_1_Task_2.2.csproj" />
    <Project Path="Week_2/Day_1_Task_2.3/Day_1_Task_2.3.csproj" />
    <Project Path="Week_2/Day_2_Task_2.4/Day_2_Task_2.4.csproj" />
    <Project Path="Week_2/Day_2_Task_2.5/Day_2_Task_2.5.csproj" />
    <Project Path="Week_2/Day_2_Task_2.6/Day_2_Task_2.6.csproj" />
    <Project Path="Week_2/Day_2_Task_2.7/Day_2_Task_2.7.csproj" />
    <Project Path="Week_2/Day_3_Task_2.10/Day_3_Task_2.10.csproj" />
    <Project Path="Week_2/Day_3_Task_2.8/Day_3_Task_2.8.csproj" />
    <Project Path="Week_2/Day_3_Task_2.9/Day_3_Task_2.9.csproj" />
    <Project Path="Week_2/Day_4_Task_2.11/Day_4_Task_2.11.csproj" />
    <Project Path="Week_2/Day_4_Task_2.12/Day_4_Task_2.12.csproj" />
    <Project Path="Week_2/Day_4_Task_2.13/Day_4_Task_2.13.csproj" />
    <Project Path="Week_2/Day_5_Mini_Q4.Tests/Day_5_Mini_Q4.Tests.csproj" />
    <Project Path="Week_2/Day_5_Mini_Q4/Day_5_Mini_Q4.csproj" />
    <Project Path="Week_2/Day_5_Mini_Q5.Tests/Day_5_Mini_Q5.Tests.csproj" />
    <Project Path="Week_2/Day_5_Mini_Q5/Day_5_Mini_Q5.csproj" />
    <Project Path="Week_2/Day_5_Mini_Q6.Tests/Day_5_Mini_Q6.Tests.csproj" />
    <Project Path="Week_2/Day_5_Mini_Q6/Day_5_Mini_Q6.csproj" />
    <Project Path="Week_2/Day_5_Task_2.14.Tests/Day_5_Task_2.14.Tests.csproj" />
    <Project Path="Week_2/Day_5_Task_2.14/Day_5_Task_2.14.csproj" />
  </Folder>
  <Folder Name="/Week_3/">
    <Project Path="Week_3/Day_1_Task_3.1/Day_1_Task_3.1.csproj" />
    <Project Path="Week_3/Day_1_Task_3.2/Day_1_Task_3.2.csproj" />
    <Project Path="Week_3/Day_1_Task_3.3/Day_1_Task_3.3.csproj" />
    <Project Path="Week_3/Day_2_Task_3.4.Tests/Day_2_Task_3.4.Tests.csproj" />
    <Project Path="Week_3/Day_2_Task_3.4/Day_2_Task_3.4.csproj" />
    <Project Path="Week_3/Day_2_Task_3.5.Tests/Day_2_Task_3.5.Tests.csproj" />
    <Project Path="Week_3/Day_2_Task_3.5/Day_2_Task_3.5.csproj" />
    <Project Path="Week_3/Day_2_Task_3.6/Day_2_Task_3.6.csproj" />
    <Project Path="Week_3/Day_3_Task_3.7.Tests/Day_3_Task_3.7.Tests.csproj" />
    <Project Path="Week_3/Day_3_Task_3.7/Day_3_Task_3.7.csproj" />
    <Project Path="Week_3/Day_3_Task_3.8.Tests/Day_3_Task_3.8.Tests.csproj" />
    <Project Path="Week_3/Day_3_Task_3.8/Day_3_Task_3.8.csproj" />
    <Project Path="Week_3/Day_3_Task_3.9/Day_3_Task_3.9.csproj" />
    <Project Path="Week_3/Day_4_Task_3.10/Day_4_Task_3.10.csproj" />
    <Project Path="Week_3/Day_4_Task_3.11/Day_4_Task_3.11.csproj" />
    <Project Path="Week_3/Day_4_Task_3.12/Day_4_Task_3.12.csproj" />
    <Project Path="Week_3/Day_5_Task_3.13.Tests/Day_5_Task_3.13.Tests.csproj" />
    <Project Path="Week_3/Day_5_Task_3.13/Day_5_Task_3.13.csproj" />
    <Project Path="Week_3/Day_5_Task_3.14.Tests/Day_5_Task_3.14.Tests.csproj" />
    <Project Path="Week_3/Day_5_Task_3.14/Day_5_Task_3.14.csproj" />
  </Folder>
  <Folder Name="/Week_4/">
    <Project Path="Week_4/StudentManagementApp.Tests/StudentManagementApp.Tests.csproj" />
    <Project Path="Week_4/StudentManagementApp/StudentManagementApp.csproj" />
  </Folder>
  <Folder Name="/Week_5/">
    <Project Path="Week_5/StudentApi.Tests/StudentApi.Tests.csproj" />
    <Project Path="Week_5/StudentApi/StudentApi.csproj" />
  </Folder>
  <Folder Name="/Week_6/">
    <Project Path="Week_6/SecureFileVault.Tests/SecureFileVault.Tests.csproj" />
    <Project Path="Week_6/SecureFileVault/SecureFileVault.csproj" />
    <Project Path="Week_6/StudentApi.Tests/StudentApi.Tests.csproj" />
    <Project Path="Week_6/StudentApi/StudentApi.csproj" />
  </Folder>
  <Folder Name="/Week_7/">
    <Project Path="Week_7/StudentApi.Tests/StudentApi.Tests.csproj" />
    <Project Path="Week_7/StudentApi/StudentApi.csproj" />
  </Folder>
  <Folder Name="/Week_8/">
    <Project Path="Week_8/StudentApi.Tests/StudentApi.Tests.csproj" />
    <Project Path="Week_8/StudentApi/StudentApi.csproj" />
  </Folder>
  <Folder Name="/Week_9/">
    <Project Path="Week_9/StudentApi.Tests/StudentApi.Tests.csproj" />
    <Project Path="Week_9/StudentApi/StudentApi.csproj" />
    <Project Path="Week_9/StudentPortal.E2E/StudentPortal.E2E.csproj" />
  </Folder>
  <Folder Name="/Week_10/">
    <Project Path="Week_10/Academics/Academics.Api/Academics.Api.csproj" />
    <Project Path="Week_10/Academics/Academics.Tests/Academics.Tests.csproj" />
    <Project Path="Week_10/Gateway/Gateway.Api/Gateway.Api.csproj" />
    <Project Path="Week_10/Gateway/Gateway.Tests/Gateway.Tests.csproj" />
    <Project Path="Week_10/Identity/Identity.Api/Identity.Api.csproj" />
    <Project Path="Week_10/Identity/Identity.Tests/Identity.Tests.csproj" />
    <Project Path="Week_10/Reporting/Reporting.Api/Reporting.Api.csproj" />
    <Project Path="Week_10/Reporting/Reporting.Tests/Reporting.Tests.csproj" />
    <Project Path="Week_10/Shared/StudentPortal.Shared/StudentPortal.Shared.csproj" />
    <Project Path="Week_10/e2e/StudentPortal.E2E/StudentPortal.E2E.csproj" />
  </Folder>
</Solution>
