<Solution>
  <Project Path="Day_1_Task_3.1/Day_1_Task_3.1.csproj" />
  <Project Path="Day_1_Task_3.2/Day_1_Task_3.2.csproj" />
  <Project Path="Day_1_Task_3.3/Day_1_Task_3.3.csproj" />
  <Project Path="Day_2_Task_3.4.Tests/Day_2_Task_3.4.Tests.csproj" />
  <Project Path="Day_2_Task_3.4/Day_2_Task_3.4.csproj" />
  <Project Path="Day_2_Task_3.5.Tests/Day_2_Task_3.5.Tests.csproj" />
  <Project Path="Day_2_Task_3.5/Day_2_Task_3.5.csproj" />
  <Project Path="Day_2_Task_3.6/Day_2_Task_3.6.csproj" />
  <Project Path="Day_3_Task_3.7.Tests/Day_3_Task_3.7.Tests.csproj" />
  <Project Path="Day_3_Task_3.7/Day_3_Task_3.7.csproj" />
  <Project Path="Day_3_Task_3.8.Tests/Day_3_Task_3.8.Tests.csproj" />
  <Project Path="Day_3_Task_3.8/Day_3_Task_3.8.csproj" />
  <Project Path="Day_3_Task_3.9/Day_3_Task_3.9.csproj" />
  <Project Path="Day_4_Task_3.10/Day_4_Task_3.10.csproj" />
  <Project Path="Day_4_Task_3.11/Day_4_Task_3.11.csproj" />
  <Project Path="Day_4_Task_3.12/Day_4_Task_3.12.csproj" />
  <Project Path="Day_5_Task_3.13.Tests/Day_5_Task_3.13.Tests.csproj" />
  <Project Path="Day_5_Task_3.13/Day_5_Task_3.13.csproj" />
  <Project Path="Day_5_Task_3.14.Tests/Day_5_Task_3.14.Tests.csproj" />
  <Project Path="Day_5_Task_3.14/Day_5_Task_3.14.csproj" />
</Solution>
